{
  "requires": true,
  "lockfileVersion": 1,
  "dependencies": {
    "react-native-google-signin": {
      "version": "2.0.0",
      "resolved": "https://registry.npmjs.org/react-native-google-signin/-/react-native-google-signin-2.0.0.tgz",
      "integrity": "sha512-9loM4lcCIdbco5BnmNio7yGaXQKCpCaY1VRmYiTSvC5NjuSf6Ui6jZRee46p/YdaU4yRnS3u5Vct6Psrvr0HNg=="
    }
  }
}
